
Microsoft Visual Studio Solution File, Format Version 12.00
# Visual Studio Version 17
VisualStudioVersion = 17.2.32602.215
MinimumVisualStudioVersion = 10.0.40219.1
Project("{2150E333-8FDC-42A3-9474-1A3956D46DE8}") = "解决方案项", "解决方案项", "{BBCDA5B4-0177-4C93-9C3B-CB473599AD7E}"
	ProjectSection(SolutionItems) = preProject
		.gitignore = .gitignore
		README.md = README.md
	EndProjectSection
EndProject
Project("{8BC9CEB8-8B4A-11D0-8D11-00A0C91BC942}") = "01.01.MemoryAddress", "01.01.MemoryAddress\01.01.MemoryAddress.vcxproj", "{BC6A1145-B40B-4DDC-808E-F28EE29124D6}"
EndProject
Project("{8BC9CEB8-8B4A-11D0-8D11-00A0C91BC942}") = "02.01.HelloWord", "02.01.HelloWord\02.01.HelloWord.vcxproj", "{3C50FFE0-9A4A-4AAA-9940-71F787A1600B}"
EndProject
Project("{2150E333-8FDC-42A3-9474-1A3956D46DE8}") = "Resources", "Resources", "{A3B05822-DDF8-485F-A323-B922D8777C51}"
	ProjectSection(SolutionItems) = preProject
		Resources\01.pptx = Resources\01.pptx
		Resources\Intel® 64 and IA-32 Architectures Software Developer’s Manual Combined Volumes：1, 2A, 2B, 2C, 2D, 3A, 3B, 3C, 3D, and 4.pdf = Resources\Intel® 64 and IA-32 Architectures Software Developer’s Manual Combined Volumes：1, 2A, 2B, 2C, 2D, 3A, 3B, 3C, 3D, and 4.pdf
		Resources\KmdKit.zip = Resources\KmdKit.zip
	EndProjectSection
EndProject
Project("{8BC9CEB8-8B4A-11D0-8D11-00A0C91BC942}") = "VmDriverTemplateV1", "VmDriverTemplateV1\VmDriverTemplateV1.vcxproj", "{2FB7EC4E-BE47-47F1-A26A-C450B44823A9}"
EndProject
Project("{8BC9CEB8-8B4A-11D0-8D11-00A0C91BC942}") = "04.01.CR4", "04.01.CR4\04.01.CR4.vcxproj", "{FC6216F9-944C-4527-819A-EA45A78E6DE9}"
EndProject
Project("{8BC9CEB8-8B4A-11D0-8D11-00A0C91BC942}") = "04.02.CR4Asm", "04.02.CR4Asm\04.02.CR4Asm.vcxproj", "{1FA0A41E-497D-4C1A-B549-0D7F7377E417}"
EndProject
Project("{8BC9CEB8-8B4A-11D0-8D11-00A0C91BC942}") = "05.01.Walk", "05.01.Walk\05.01.Walk.vcxproj", "{EBFF349E-A781-46E1-B7BC-C3F759C183C4}"
EndProject
Project("{8BC9CEB8-8B4A-11D0-8D11-00A0C91BC942}") = "05.02.WalkVisualization", "05.02.WalkVisualization\05.02.WalkVisualization.vcxproj", "{155F769F-D551-43FE-A44D-98FBD25D4D40}"
EndProject
Project("{8BC9CEB8-8B4A-11D0-8D11-00A0C91BC942}") = "05.03.MAXPHYADDR", "05.03.MAXPHYADDR\05.03.MAXPHYADDR.vcxproj", "{14507E8B-20A2-4C2F-9A7E-ADE718426674}"
EndProject
Project("{2150E333-8FDC-42A3-9474-1A3956D46DE8}") = "PageTableViewer", "PageTableViewer", "{72E7F7B9-00F3-4BAA-B9C1-5618B174C496}"
	ProjectSection(SolutionItems) = preProject
		PageTableViewer\data.js = PageTableViewer\data.js
		PageTableViewer\index.html = PageTableViewer\index.html
	EndProjectSection
EndProject
Project("{8BC9CEB8-8B4A-11D0-8D11-00A0C91BC942}") = "06.01.EnableLockPagesInMemory", "06.01.EnableLockPagesInMemory\06.01.EnableLockPagesInMemory.vcxproj", "{034D8C1D-6C79-472C-B5A4-77287FED55E0}"
EndProject
Project("{8BC9CEB8-8B4A-11D0-8D11-00A0C91BC942}") = "06.02.Sample", "06.02.Sample\06.02.Sample.vcxproj", "{082A98D3-A607-4538-BF04-DD820EC0CDF0}"
EndProject
Project("{8BC9CEB8-8B4A-11D0-8D11-00A0C91BC942}") = "06.03.DumpPageTable", "06.03.DumpPageTable\06.03.DumpPageTable.vcxproj", "{2A78C358-F980-491B-8D51-515309479FE1}"
EndProject
Global
	GlobalSection(SolutionConfigurationPlatforms) = preSolution
		Debug|ARM64 = Debug|ARM64
		Debug|x64 = Debug|x64
		Debug|x86 = Debug|x86
		Release|ARM64 = Release|ARM64
		Release|x64 = Release|x64
		Release|x86 = Release|x86
	EndGlobalSection
	GlobalSection(ProjectConfigurationPlatforms) = postSolution
		{BC6A1145-B40B-4DDC-808E-F28EE29124D6}.Debug|ARM64.ActiveCfg = Debug|x64
		{BC6A1145-B40B-4DDC-808E-F28EE29124D6}.Debug|ARM64.Build.0 = Debug|x64
		{BC6A1145-B40B-4DDC-808E-F28EE29124D6}.Debug|x64.ActiveCfg = Debug|x64
		{BC6A1145-B40B-4DDC-808E-F28EE29124D6}.Debug|x64.Build.0 = Debug|x64
		{BC6A1145-B40B-4DDC-808E-F28EE29124D6}.Debug|x86.ActiveCfg = Debug|Win32
		{BC6A1145-B40B-4DDC-808E-F28EE29124D6}.Debug|x86.Build.0 = Debug|Win32
		{BC6A1145-B40B-4DDC-808E-F28EE29124D6}.Release|ARM64.ActiveCfg = Release|x64
		{BC6A1145-B40B-4DDC-808E-F28EE29124D6}.Release|ARM64.Build.0 = Release|x64
		{BC6A1145-B40B-4DDC-808E-F28EE29124D6}.Release|x64.ActiveCfg = Release|x64
		{BC6A1145-B40B-4DDC-808E-F28EE29124D6}.Release|x64.Build.0 = Release|x64
		{BC6A1145-B40B-4DDC-808E-F28EE29124D6}.Release|x86.ActiveCfg = Release|Win32
		{BC6A1145-B40B-4DDC-808E-F28EE29124D6}.Release|x86.Build.0 = Release|Win32
		{3C50FFE0-9A4A-4AAA-9940-71F787A1600B}.Debug|ARM64.ActiveCfg = Debug|ARM64
		{3C50FFE0-9A4A-4AAA-9940-71F787A1600B}.Debug|ARM64.Build.0 = Debug|ARM64
		{3C50FFE0-9A4A-4AAA-9940-71F787A1600B}.Debug|ARM64.Deploy.0 = Debug|ARM64
		{3C50FFE0-9A4A-4AAA-9940-71F787A1600B}.Debug|x64.ActiveCfg = Debug|x64
		{3C50FFE0-9A4A-4AAA-9940-71F787A1600B}.Debug|x64.Build.0 = Debug|x64
		{3C50FFE0-9A4A-4AAA-9940-71F787A1600B}.Debug|x64.Deploy.0 = Debug|x64
		{3C50FFE0-9A4A-4AAA-9940-71F787A1600B}.Debug|x86.ActiveCfg = Debug|x64
		{3C50FFE0-9A4A-4AAA-9940-71F787A1600B}.Debug|x86.Build.0 = Debug|x64
		{3C50FFE0-9A4A-4AAA-9940-71F787A1600B}.Debug|x86.Deploy.0 = Debug|x64
		{3C50FFE0-9A4A-4AAA-9940-71F787A1600B}.Release|ARM64.ActiveCfg = Release|ARM64
		{3C50FFE0-9A4A-4AAA-9940-71F787A1600B}.Release|ARM64.Build.0 = Release|ARM64
		{3C50FFE0-9A4A-4AAA-9940-71F787A1600B}.Release|ARM64.Deploy.0 = Release|ARM64
		{3C50FFE0-9A4A-4AAA-9940-71F787A1600B}.Release|x64.ActiveCfg = Release|x64
		{3C50FFE0-9A4A-4AAA-9940-71F787A1600B}.Release|x64.Build.0 = Release|x64
		{3C50FFE0-9A4A-4AAA-9940-71F787A1600B}.Release|x64.Deploy.0 = Release|x64
		{3C50FFE0-9A4A-4AAA-9940-71F787A1600B}.Release|x86.ActiveCfg = Release|x64
		{3C50FFE0-9A4A-4AAA-9940-71F787A1600B}.Release|x86.Build.0 = Release|x64
		{3C50FFE0-9A4A-4AAA-9940-71F787A1600B}.Release|x86.Deploy.0 = Release|x64
		{2FB7EC4E-BE47-47F1-A26A-C450B44823A9}.Debug|ARM64.ActiveCfg = Debug|ARM64
		{2FB7EC4E-BE47-47F1-A26A-C450B44823A9}.Debug|ARM64.Build.0 = Debug|ARM64
		{2FB7EC4E-BE47-47F1-A26A-C450B44823A9}.Debug|ARM64.Deploy.0 = Debug|ARM64
		{2FB7EC4E-BE47-47F1-A26A-C450B44823A9}.Debug|x64.ActiveCfg = Debug|x64
		{2FB7EC4E-BE47-47F1-A26A-C450B44823A9}.Debug|x64.Build.0 = Debug|x64
		{2FB7EC4E-BE47-47F1-A26A-C450B44823A9}.Debug|x64.Deploy.0 = Debug|x64
		{2FB7EC4E-BE47-47F1-A26A-C450B44823A9}.Debug|x86.ActiveCfg = Debug|x64
		{2FB7EC4E-BE47-47F1-A26A-C450B44823A9}.Debug|x86.Build.0 = Debug|x64
		{2FB7EC4E-BE47-47F1-A26A-C450B44823A9}.Debug|x86.Deploy.0 = Debug|x64
		{2FB7EC4E-BE47-47F1-A26A-C450B44823A9}.Release|ARM64.ActiveCfg = Release|ARM64
		{2FB7EC4E-BE47-47F1-A26A-C450B44823A9}.Release|ARM64.Build.0 = Release|ARM64
		{2FB7EC4E-BE47-47F1-A26A-C450B44823A9}.Release|ARM64.Deploy.0 = Release|ARM64
		{2FB7EC4E-BE47-47F1-A26A-C450B44823A9}.Release|x64.ActiveCfg = Release|x64
		{2FB7EC4E-BE47-47F1-A26A-C450B44823A9}.Release|x64.Build.0 = Release|x64
		{2FB7EC4E-BE47-47F1-A26A-C450B44823A9}.Release|x64.Deploy.0 = Release|x64
		{2FB7EC4E-BE47-47F1-A26A-C450B44823A9}.Release|x86.ActiveCfg = Release|x64
		{2FB7EC4E-BE47-47F1-A26A-C450B44823A9}.Release|x86.Build.0 = Release|x64
		{2FB7EC4E-BE47-47F1-A26A-C450B44823A9}.Release|x86.Deploy.0 = Release|x64
		{FC6216F9-944C-4527-819A-EA45A78E6DE9}.Debug|ARM64.ActiveCfg = Debug|ARM64
		{FC6216F9-944C-4527-819A-EA45A78E6DE9}.Debug|ARM64.Build.0 = Debug|ARM64
		{FC6216F9-944C-4527-819A-EA45A78E6DE9}.Debug|ARM64.Deploy.0 = Debug|ARM64
		{FC6216F9-944C-4527-819A-EA45A78E6DE9}.Debug|x64.ActiveCfg = Debug|x64
		{FC6216F9-944C-4527-819A-EA45A78E6DE9}.Debug|x64.Build.0 = Debug|x64
		{FC6216F9-944C-4527-819A-EA45A78E6DE9}.Debug|x64.Deploy.0 = Debug|x64
		{FC6216F9-944C-4527-819A-EA45A78E6DE9}.Debug|x86.ActiveCfg = Debug|x64
		{FC6216F9-944C-4527-819A-EA45A78E6DE9}.Debug|x86.Build.0 = Debug|x64
		{FC6216F9-944C-4527-819A-EA45A78E6DE9}.Debug|x86.Deploy.0 = Debug|x64
		{FC6216F9-944C-4527-819A-EA45A78E6DE9}.Release|ARM64.ActiveCfg = Release|ARM64
		{FC6216F9-944C-4527-819A-EA45A78E6DE9}.Release|ARM64.Build.0 = Release|ARM64
		{FC6216F9-944C-4527-819A-EA45A78E6DE9}.Release|ARM64.Deploy.0 = Release|ARM64
		{FC6216F9-944C-4527-819A-EA45A78E6DE9}.Release|x64.ActiveCfg = Release|x64
		{FC6216F9-944C-4527-819A-EA45A78E6DE9}.Release|x64.Build.0 = Release|x64
		{FC6216F9-944C-4527-819A-EA45A78E6DE9}.Release|x64.Deploy.0 = Release|x64
		{FC6216F9-944C-4527-819A-EA45A78E6DE9}.Release|x86.ActiveCfg = Release|x64
		{FC6216F9-944C-4527-819A-EA45A78E6DE9}.Release|x86.Build.0 = Release|x64
		{FC6216F9-944C-4527-819A-EA45A78E6DE9}.Release|x86.Deploy.0 = Release|x64
		{1FA0A41E-497D-4C1A-B549-0D7F7377E417}.Debug|ARM64.ActiveCfg = Debug|ARM64
		{1FA0A41E-497D-4C1A-B549-0D7F7377E417}.Debug|ARM64.Build.0 = Debug|ARM64
		{1FA0A41E-497D-4C1A-B549-0D7F7377E417}.Debug|ARM64.Deploy.0 = Debug|ARM64
		{1FA0A41E-497D-4C1A-B549-0D7F7377E417}.Debug|x64.ActiveCfg = Debug|x64
		{1FA0A41E-497D-4C1A-B549-0D7F7377E417}.Debug|x64.Build.0 = Debug|x64
		{1FA0A41E-497D-4C1A-B549-0D7F7377E417}.Debug|x64.Deploy.0 = Debug|x64
		{1FA0A41E-497D-4C1A-B549-0D7F7377E417}.Debug|x86.ActiveCfg = Debug|x64
		{1FA0A41E-497D-4C1A-B549-0D7F7377E417}.Debug|x86.Build.0 = Debug|x64
		{1FA0A41E-497D-4C1A-B549-0D7F7377E417}.Debug|x86.Deploy.0 = Debug|x64
		{1FA0A41E-497D-4C1A-B549-0D7F7377E417}.Release|ARM64.ActiveCfg = Release|ARM64
		{1FA0A41E-497D-4C1A-B549-0D7F7377E417}.Release|ARM64.Build.0 = Release|ARM64
		{1FA0A41E-497D-4C1A-B549-0D7F7377E417}.Release|ARM64.Deploy.0 = Release|ARM64
		{1FA0A41E-497D-4C1A-B549-0D7F7377E417}.Release|x64.ActiveCfg = Release|x64
		{1FA0A41E-497D-4C1A-B549-0D7F7377E417}.Release|x64.Build.0 = Release|x64
		{1FA0A41E-497D-4C1A-B549-0D7F7377E417}.Release|x64.Deploy.0 = Release|x64
		{1FA0A41E-497D-4C1A-B549-0D7F7377E417}.Release|x86.ActiveCfg = Release|x64
		{1FA0A41E-497D-4C1A-B549-0D7F7377E417}.Release|x86.Build.0 = Release|x64
		{1FA0A41E-497D-4C1A-B549-0D7F7377E417}.Release|x86.Deploy.0 = Release|x64
		{EBFF349E-A781-46E1-B7BC-C3F759C183C4}.Debug|ARM64.ActiveCfg = Debug|ARM64
		{EBFF349E-A781-46E1-B7BC-C3F759C183C4}.Debug|ARM64.Build.0 = Debug|ARM64
		{EBFF349E-A781-46E1-B7BC-C3F759C183C4}.Debug|ARM64.Deploy.0 = Debug|ARM64
		{EBFF349E-A781-46E1-B7BC-C3F759C183C4}.Debug|x64.ActiveCfg = Debug|x64
		{EBFF349E-A781-46E1-B7BC-C3F759C183C4}.Debug|x64.Build.0 = Debug|x64
		{EBFF349E-A781-46E1-B7BC-C3F759C183C4}.Debug|x64.Deploy.0 = Debug|x64
		{EBFF349E-A781-46E1-B7BC-C3F759C183C4}.Debug|x86.ActiveCfg = Debug|x64
		{EBFF349E-A781-46E1-B7BC-C3F759C183C4}.Debug|x86.Build.0 = Debug|x64
		{EBFF349E-A781-46E1-B7BC-C3F759C183C4}.Debug|x86.Deploy.0 = Debug|x64
		{EBFF349E-A781-46E1-B7BC-C3F759C183C4}.Release|ARM64.ActiveCfg = Release|ARM64
		{EBFF349E-A781-46E1-B7BC-C3F759C183C4}.Release|ARM64.Build.0 = Release|ARM64
		{EBFF349E-A781-46E1-B7BC-C3F759C183C4}.Release|ARM64.Deploy.0 = Release|ARM64
		{EBFF349E-A781-46E1-B7BC-C3F759C183C4}.Release|x64.ActiveCfg = Release|x64
		{EBFF349E-A781-46E1-B7BC-C3F759C183C4}.Release|x64.Build.0 = Release|x64
		{EBFF349E-A781-46E1-B7BC-C3F759C183C4}.Release|x64.Deploy.0 = Release|x64
		{EBFF349E-A781-46E1-B7BC-C3F759C183C4}.Release|x86.ActiveCfg = Release|x64
		{EBFF349E-A781-46E1-B7BC-C3F759C183C4}.Release|x86.Build.0 = Release|x64
		{EBFF349E-A781-46E1-B7BC-C3F759C183C4}.Release|x86.Deploy.0 = Release|x64
		{155F769F-D551-43FE-A44D-98FBD25D4D40}.Debug|ARM64.ActiveCfg = Debug|ARM64
		{155F769F-D551-43FE-A44D-98FBD25D4D40}.Debug|ARM64.Build.0 = Debug|ARM64
		{155F769F-D551-43FE-A44D-98FBD25D4D40}.Debug|ARM64.Deploy.0 = Debug|ARM64
		{155F769F-D551-43FE-A44D-98FBD25D4D40}.Debug|x64.ActiveCfg = Debug|x64
		{155F769F-D551-43FE-A44D-98FBD25D4D40}.Debug|x64.Build.0 = Debug|x64
		{155F769F-D551-43FE-A44D-98FBD25D4D40}.Debug|x64.Deploy.0 = Debug|x64
		{155F769F-D551-43FE-A44D-98FBD25D4D40}.Debug|x86.ActiveCfg = Debug|x64
		{155F769F-D551-43FE-A44D-98FBD25D4D40}.Debug|x86.Build.0 = Debug|x64
		{155F769F-D551-43FE-A44D-98FBD25D4D40}.Debug|x86.Deploy.0 = Debug|x64
		{155F769F-D551-43FE-A44D-98FBD25D4D40}.Release|ARM64.ActiveCfg = Release|ARM64
		{155F769F-D551-43FE-A44D-98FBD25D4D40}.Release|ARM64.Build.0 = Release|ARM64
		{155F769F-D551-43FE-A44D-98FBD25D4D40}.Release|ARM64.Deploy.0 = Release|ARM64
		{155F769F-D551-43FE-A44D-98FBD25D4D40}.Release|x64.ActiveCfg = Release|x64
		{155F769F-D551-43FE-A44D-98FBD25D4D40}.Release|x64.Build.0 = Release|x64
		{155F769F-D551-43FE-A44D-98FBD25D4D40}.Release|x64.Deploy.0 = Release|x64
		{155F769F-D551-43FE-A44D-98FBD25D4D40}.Release|x86.ActiveCfg = Release|x64
		{155F769F-D551-43FE-A44D-98FBD25D4D40}.Release|x86.Build.0 = Release|x64
		{155F769F-D551-43FE-A44D-98FBD25D4D40}.Release|x86.Deploy.0 = Release|x64
		{14507E8B-20A2-4C2F-9A7E-ADE718426674}.Debug|ARM64.ActiveCfg = Debug|x64
		{14507E8B-20A2-4C2F-9A7E-ADE718426674}.Debug|ARM64.Build.0 = Debug|x64
		{14507E8B-20A2-4C2F-9A7E-ADE718426674}.Debug|x64.ActiveCfg = Debug|x64
		{14507E8B-20A2-4C2F-9A7E-ADE718426674}.Debug|x64.Build.0 = Debug|x64
		{14507E8B-20A2-4C2F-9A7E-ADE718426674}.Debug|x86.ActiveCfg = Debug|Win32
		{14507E8B-20A2-4C2F-9A7E-ADE718426674}.Debug|x86.Build.0 = Debug|Win32
		{14507E8B-20A2-4C2F-9A7E-ADE718426674}.Release|ARM64.ActiveCfg = Release|x64
		{14507E8B-20A2-4C2F-9A7E-ADE718426674}.Release|ARM64.Build.0 = Release|x64
		{14507E8B-20A2-4C2F-9A7E-ADE718426674}.Release|x64.ActiveCfg = Release|x64
		{14507E8B-20A2-4C2F-9A7E-ADE718426674}.Release|x64.Build.0 = Release|x64
		{14507E8B-20A2-4C2F-9A7E-ADE718426674}.Release|x86.ActiveCfg = Release|Win32
		{14507E8B-20A2-4C2F-9A7E-ADE718426674}.Release|x86.Build.0 = Release|Win32
		{034D8C1D-6C79-472C-B5A4-77287FED55E0}.Debug|ARM64.ActiveCfg = Debug|x64
		{034D8C1D-6C79-472C-B5A4-77287FED55E0}.Debug|ARM64.Build.0 = Debug|x64
		{034D8C1D-6C79-472C-B5A4-77287FED55E0}.Debug|x64.ActiveCfg = Debug|x64
		{034D8C1D-6C79-472C-B5A4-77287FED55E0}.Debug|x64.Build.0 = Debug|x64
		{034D8C1D-6C79-472C-B5A4-77287FED55E0}.Debug|x86.ActiveCfg = Debug|Win32
		{034D8C1D-6C79-472C-B5A4-77287FED55E0}.Debug|x86.Build.0 = Debug|Win32
		{034D8C1D-6C79-472C-B5A4-77287FED55E0}.Release|ARM64.ActiveCfg = Release|x64
		{034D8C1D-6C79-472C-B5A4-77287FED55E0}.Release|ARM64.Build.0 = Release|x64
		{034D8C1D-6C79-472C-B5A4-77287FED55E0}.Release|x64.ActiveCfg = Release|x64
		{034D8C1D-6C79-472C-B5A4-77287FED55E0}.Release|x64.Build.0 = Release|x64
		{034D8C1D-6C79-472C-B5A4-77287FED55E0}.Release|x86.ActiveCfg = Release|Win32
		{034D8C1D-6C79-472C-B5A4-77287FED55E0}.Release|x86.Build.0 = Release|Win32
		{082A98D3-A607-4538-BF04-DD820EC0CDF0}.Debug|ARM64.ActiveCfg = Debug|x64
		{082A98D3-A607-4538-BF04-DD820EC0CDF0}.Debug|ARM64.Build.0 = Debug|x64
		{082A98D3-A607-4538-BF04-DD820EC0CDF0}.Debug|x64.ActiveCfg = Debug|x64
		{082A98D3-A607-4538-BF04-DD820EC0CDF0}.Debug|x64.Build.0 = Debug|x64
		{082A98D3-A607-4538-BF04-DD820EC0CDF0}.Debug|x86.ActiveCfg = Debug|Win32
		{082A98D3-A607-4538-BF04-DD820EC0CDF0}.Debug|x86.Build.0 = Debug|Win32
		{082A98D3-A607-4538-BF04-DD820EC0CDF0}.Release|ARM64.ActiveCfg = Release|x64
		{082A98D3-A607-4538-BF04-DD820EC0CDF0}.Release|ARM64.Build.0 = Release|x64
		{082A98D3-A607-4538-BF04-DD820EC0CDF0}.Release|x64.ActiveCfg = Release|x64
		{082A98D3-A607-4538-BF04-DD820EC0CDF0}.Release|x64.Build.0 = Release|x64
		{082A98D3-A607-4538-BF04-DD820EC0CDF0}.Release|x86.ActiveCfg = Release|Win32
		{082A98D3-A607-4538-BF04-DD820EC0CDF0}.Release|x86.Build.0 = Release|Win32
		{2A78C358-F980-491B-8D51-515309479FE1}.Debug|ARM64.ActiveCfg = Debug|ARM64
		{2A78C358-F980-491B-8D51-515309479FE1}.Debug|ARM64.Build.0 = Debug|ARM64
		{2A78C358-F980-491B-8D51-515309479FE1}.Debug|ARM64.Deploy.0 = Debug|ARM64
		{2A78C358-F980-491B-8D51-515309479FE1}.Debug|x64.ActiveCfg = Debug|x64
		{2A78C358-F980-491B-8D51-515309479FE1}.Debug|x64.Build.0 = Debug|x64
		{2A78C358-F980-491B-8D51-515309479FE1}.Debug|x64.Deploy.0 = Debug|x64
		{2A78C358-F980-491B-8D51-515309479FE1}.Debug|x86.ActiveCfg = Debug|x64
		{2A78C358-F980-491B-8D51-515309479FE1}.Debug|x86.Build.0 = Debug|x64
		{2A78C358-F980-491B-8D51-515309479FE1}.Debug|x86.Deploy.0 = Debug|x64
		{2A78C358-F980-491B-8D51-515309479FE1}.Release|ARM64.ActiveCfg = Release|ARM64
		{2A78C358-F980-491B-8D51-515309479FE1}.Release|ARM64.Build.0 = Release|ARM64
		{2A78C358-F980-491B-8D51-515309479FE1}.Release|ARM64.Deploy.0 = Release|ARM64
		{2A78C358-F980-491B-8D51-515309479FE1}.Release|x64.ActiveCfg = Release|x64
		{2A78C358-F980-491B-8D51-515309479FE1}.Release|x64.Build.0 = Release|x64
		{2A78C358-F980-491B-8D51-515309479FE1}.Release|x64.Deploy.0 = Release|x64
		{2A78C358-F980-491B-8D51-515309479FE1}.Release|x86.ActiveCfg = Release|x64
		{2A78C358-F980-491B-8D51-515309479FE1}.Release|x86.Build.0 = Release|x64
		{2A78C358-F980-491B-8D51-515309479FE1}.Release|x86.Deploy.0 = Release|x64
	EndGlobalSection
	GlobalSection(SolutionProperties) = preSolution
		HideSolutionNode = FALSE
	EndGlobalSection
	GlobalSection(NestedProjects) = preSolution
		{A3B05822-DDF8-485F-A323-B922D8777C51} = {BBCDA5B4-0177-4C93-9C3B-CB473599AD7E}
		{72E7F7B9-00F3-4BAA-B9C1-5618B174C496} = {BBCDA5B4-0177-4C93-9C3B-CB473599AD7E}
	EndGlobalSection
	GlobalSection(ExtensibilityGlobals) = postSolution
		SolutionGuid = {45CD0B5A-9504-4F68-872C-A6BC1B401BCD}
	EndGlobalSection
EndGlobal
